// !$*UTF8*$!
{
	archiveVersion = 1;
	classes = {
	};
	objectVersion = 56;
	objects = {

/* Begin PBXBuildFile section */
		AF00CB702A8301A70006C27C /* SearchView.swift in Sources */ = {isa = PBXBuildFile; fileRef = AF00CB6F2A8301A70006C27C /* SearchView.swift */; };
		AF29C6C12A81B8B100C3A256 /* FeedView.swift in Sources */ = {isa = PBXBuildFile; fileRef = AF29C6C02A81B8B100C3A256 /* FeedView.swift */; };
		AF29C6C32A81B8C600C3A256 /* FeedCell.swift in Sources */ = {isa = PBXBuildFile; fileRef = AF29C6C22A81B8C600C3A256 /* FeedCell.swift */; };
		AFAAEE862A7E53D300B7A520 /* InstagramApp.swift in Sources */ = {isa = PBXBuildFile; fileRef = AFAAEE852A7E53D300B7A520 /* InstagramApp.swift */; };
		AFAAEE882A7E53D300B7A520 /* ContentView.swift in Sources */ = {isa = PBXBuildFile; fileRef = AFAAEE872A7E53D300B7A520 /* ContentView.swift */; };
		AFAAEE8A2A7E53D400B7A520 /* Assets.xcassets in Resources */ = {isa = PBXBuildFile; fileRef = AFAAEE892A7E53D400B7A520 /* Assets.xcassets */; };
		AFAAEE8D2A7E53D400B7A520 /* Preview Assets.xcassets in Resources */ = {isa = PBXBuildFile; fileRef = AFAAEE8C2A7E53D400B7A520 /* Preview Assets.xcassets */; };
		AFAAEEA02A7E55D000B7A520 /* MainTabView.swift in Sources */ = {isa = PBXBuildFile; fileRef = AFAAEE9F2A7E55D000B7A520 /* MainTabView.swift */; };
		AFAAEEA22A7E585A00B7A520 /* ProfileView.swift in Sources */ = {isa = PBXBuildFile; fileRef = AFAAEEA12A7E585A00B7A520 /* ProfileView.swift */; };
		AFAAEEA52A7E617B00B7A520 /* UserStatView.swift in Sources */ = {isa = PBXBuildFile; fileRef = AFAAEEA42A7E617B00B7A520 /* UserStatView.swift */; };
		AFDE218D2A974DD900748E34 /* AddEmailView.swift in Sources */ = {isa = PBXBuildFile; fileRef = AFDE218C2A974DD900748E34 /* AddEmailView.swift */; };
		AFDE218F2A97516F00748E34 /* IGTextModifier.swift in Sources */ = {isa = PBXBuildFile; fileRef = AFDE218E2A97516F00748E34 /* IGTextModifier.swift */; };
		AFDE21912A9752AE00748E34 /* CreateUsernameView.swift in Sources */ = {isa = PBXBuildFile; fileRef = AFDE21902A9752AE00748E34 /* CreateUsernameView.swift */; };
		AFDE21932A97551C00748E34 /* CreatePasswordView.swift in Sources */ = {isa = PBXBuildFile; fileRef = AFDE21922A97551C00748E34 /* CreatePasswordView.swift */; };
		AFDE21952A97569A00748E34 /* CompleteSignUpView.swift in Sources */ = {isa = PBXBuildFile; fileRef = AFDE21942A97569A00748E34 /* CompleteSignUpView.swift */; };
		AFF0E6542A8C6832004FA86D /* LoginView.swift in Sources */ = {isa = PBXBuildFile; fileRef = AFF0E6532A8C6832004FA86D /* LoginView.swift */; };
/* End PBXBuildFile section */

/* Begin PBXFileReference section */
		AF00CB6F2A8301A70006C27C /* SearchView.swift */ = {isa = PBXFileReference; lastKnownFileType = sourcecode.swift; path = SearchView.swift; sourceTree = "<group>"; };
		AF29C6C02A81B8B100C3A256 /* FeedView.swift */ = {isa = PBXFileReference; lastKnownFileType = sourcecode.swift; path = FeedView.swift; sourceTree = "<group>"; };
		AF29C6C22A81B8C600C3A256 /* FeedCell.swift */ = {isa = PBXFileReference; lastKnownFileType = sourcecode.swift; path = FeedCell.swift; sourceTree = "<group>"; };
		AFAAEE822A7E53D300B7A520 /* Instagram.app */ = {isa = PBXFileReference; explicitFileType = wrapper.application; includeInIndex = 0; path = Instagram.app; sourceTree = BUILT_PRODUCTS_DIR; };
		AFAAEE852A7E53D300B7A520 /* InstagramApp.swift */ = {isa = PBXFileReference; lastKnownFileType = sourcecode.swift; path = InstagramApp.swift; sourceTree = "<group>"; };
		AFAAEE872A7E53D300B7A520 /* ContentView.swift */ = {isa = PBXFileReference; lastKnownFileType = sourcecode.swift; path = ContentView.swift; sourceTree = "<group>"; };
		AFAAEE892A7E53D400B7A520 /* Assets.xcassets */ = {isa = PBXFileReference; lastKnownFileType = folder.assetcatalog; path = Assets.xcassets; sourceTree = "<group>"; };
		AFAAEE8C2A7E53D400B7A520 /* Preview Assets.xcassets */ = {isa = PBXFileReference; lastKnownFileType = folder.assetcatalog; path = "Preview Assets.xcassets"; sourceTree = "<group>"; };
		AFAAEE9F2A7E55D000B7A520 /* MainTabView.swift */ = {isa = PBXFileReference; lastKnownFileType = sourcecode.swift; path = MainTabView.swift; sourceTree = "<group>"; };
		AFAAEEA12A7E585A00B7A520 /* ProfileView.swift */ = {isa = PBXFileReference; lastKnownFileType = sourcecode.swift; path = ProfileView.swift; sourceTree = "<group>"; };
		AFAAEEA42A7E617B00B7A520 /* UserStatView.swift */ = {isa = PBXFileReference; lastKnownFileType = sourcecode.swift; path = UserStatView.swift; sourceTree = "<group>"; };
		AFDE218C2A974DD900748E34 /* AddEmailView.swift */ = {isa = PBXFileReference; lastKnownFileType = sourcecode.swift; path = AddEmailView.swift; sourceTree = "<group>"; };
		AFDE218E2A97516F00748E34 /* IGTextModifier.swift */ = {isa = PBXFileReference; lastKnownFileType = sourcecode.swift; path = IGTextModifier.swift; sourceTree = "<group>"; };
		AFDE21902A9752AE00748E34 /* CreateUsernameView.swift */ = {isa = PBXFileReference; lastKnownFileType = sourcecode.swift; path = CreateUsernameView.swift; sourceTree = "<group>"; };
		AFDE21922A97551C00748E34 /* CreatePasswordView.swift */ = {isa = PBXFileReference; lastKnownFileType = sourcecode.swift; path = CreatePasswordView.swift; sourceTree = "<group>"; };
		AFDE21942A97569A00748E34 /* CompleteSignUpView.swift */ = {isa = PBXFileReference; lastKnownFileType = sourcecode.swift; path = CompleteSignUpView.swift; sourceTree = "<group>"; };
		AFF0E6532A8C6832004FA86D /* LoginView.swift */ = {isa = PBXFileReference; lastKnownFileType = sourcecode.swift; path = LoginView.swift; sourceTree = "<group>"; };
/* End PBXFileReference section */

/* Begin PBXFrameworksBuildPhase section */
		AFAAEE7F2A7E53D300B7A520 /* Frameworks */ = {
			isa = PBXFrameworksBuildPhase;
			buildActionMask = 2147483647;
			files = (
			);
			runOnlyForDeploymentPostprocessing = 0;
		};
/* End PBXFrameworksBuildPhase section */

/* Begin PBXGroup section */
		AFAAEE792A7E53D300B7A520 = {
			isa = PBXGroup;
			children = (
				AFAAEE842A7E53D300B7A520 /* Instagram */,
				AFAAEE832A7E53D300B7A520 /* Products */,
			);
			sourceTree = "<group>";
		};
		AFAAEE832A7E53D300B7A520 /* Products */ = {
			isa = PBXGroup;
			children = (
				AFAAEE822A7E53D300B7A520 /* Instagram.app */,
			);
			name = Products;
			sourceTree = "<group>";
		};
		AFAAEE842A7E53D300B7A520 /* Instagram */ = {
			isa = PBXGroup;
			children = (
				AFAAEE972A7E540900B7A520 /* App */,
				AFAAEE962A7E540500B7A520 /* Core */,
				AFAAEE952A7E540200B7A520 /* Extensions */,
				AFAAEE942A7E53FF00B7A520 /* Model */,
				AFAAEE932A7E53F900B7A520 /* Services */,
				AFAAEE872A7E53D300B7A520 /* ContentView.swift */,
				AFAAEE892A7E53D400B7A520 /* Assets.xcassets */,
				AFAAEE8B2A7E53D400B7A520 /* Preview Content */,
			);
			path = Instagram;
			sourceTree = "<group>";
		};
		AFAAEE8B2A7E53D400B7A520 /* Preview Content */ = {
			isa = PBXGroup;
			children = (
				AFAAEE8C2A7E53D400B7A520 /* Preview Assets.xcassets */,
			);
			path = "Preview Content";
			sourceTree = "<group>";
		};
		AFAAEE932A7E53F900B7A520 /* Services */ = {
			isa = PBXGroup;
			children = (
			);
			path = Services;
			sourceTree = "<group>";
		};
		AFAAEE942A7E53FF00B7A520 /* Model */ = {
			isa = PBXGroup;
			children = (
			);
			path = Model;
			sourceTree = "<group>";
		};
		AFAAEE952A7E540200B7A520 /* Extensions */ = {
			isa = PBXGroup;
			children = (
			);
			path = Extensions;
			sourceTree = "<group>";
		};
		AFAAEE962A7E540500B7A520 /* Core */ = {
			isa = PBXGroup;
			children = (
				AFAAEE982A7E547E00B7A520 /* Authentication */,
				AFAAEEA32A7E615F00B7A520 /* Components */,
				AFAAEE992A7E548D00B7A520 /* Feed */,
				AFAAEE9A2A7E549700B7A520 /* Profile */,
				AFAAEE9C2A7E54BA00B7A520 /* Root */,
				AFAAEE9B2A7E54A900B7A520 /* Search */,
				AFAAEE9D2A7E551700B7A520 /* TabBar */,
				AFAAEE9E2A7E552900B7A520 /* UploadPost */,
			);
			path = Core;
			sourceTree = "<group>";
		};
		AFAAEE972A7E540900B7A520 /* App */ = {
			isa = PBXGroup;
			children = (
				AFAAEE852A7E53D300B7A520 /* InstagramApp.swift */,
			);
			path = App;
			sourceTree = "<group>";
		};
		AFAAEE982A7E547E00B7A520 /* Authentication */ = {
			isa = PBXGroup;
			children = (
				AFF0E6532A8C6832004FA86D /* LoginView.swift */,
				AFDE218C2A974DD900748E34 /* AddEmailView.swift */,
				AFDE21902A9752AE00748E34 /* CreateUsernameView.swift */,
				AFDE21922A97551C00748E34 /* CreatePasswordView.swift */,
				AFDE21942A97569A00748E34 /* CompleteSignUpView.swift */,
			);
			path = Authentication;
			sourceTree = "<group>";
		};
		AFAAEE992A7E548D00B7A520 /* Feed */ = {
			isa = PBXGroup;
			children = (
				AF29C6C02A81B8B100C3A256 /* FeedView.swift */,
				AF29C6C22A81B8C600C3A256 /* FeedCell.swift */,
			);
			path = Feed;
			sourceTree = "<group>";
		};
		AFAAEE9A2A7E549700B7A520 /* Profile */ = {
			isa = PBXGroup;
			children = (
				AFAAEEA12A7E585A00B7A520 /* ProfileView.swift */,
			);
			path = Profile;
			sourceTree = "<group>";
		};
		AFAAEE9B2A7E54A900B7A520 /* Search */ = {
			isa = PBXGroup;
			children = (
				AF00CB6F2A8301A70006C27C /* SearchView.swift */,
			);
			path = Search;
			sourceTree = "<group>";
		};
		AFAAEE9C2A7E54BA00B7A520 /* Root */ = {
			isa = PBXGroup;
			children = (
			);
			path = Root;
			sourceTree = "<group>";
		};
		AFAAEE9D2A7E551700B7A520 /* TabBar */ = {
			isa = PBXGroup;
			children = (
				AFAAEE9F2A7E55D000B7A520 /* MainTabView.swift */,
			);
			path = TabBar;
			sourceTree = "<group>";
		};
		AFAAEE9E2A7E552900B7A520 /* UploadPost */ = {
			isa = PBXGroup;
			children = (
			);
			path = UploadPost;
			sourceTree = "<group>";
		};
		AFAAEEA32A7E615F00B7A520 /* Components */ = {
			isa = PBXGroup;
			children = (
				AFAAEEA42A7E617B00B7A520 /* UserStatView.swift */,
				AFDE218E2A97516F00748E34 /* IGTextModifier.swift */,
			);
			path = Components;
			sourceTree = "<group>";
		};
/* End PBXGroup section */

/* Begin PBXNativeTarget section */
		AFAAEE812A7E53D300B7A520 /* Instagram */ = {
			isa = PBXNativeTarget;
			buildConfigurationList = AFAAEE902A7E53D400B7A520 /* Build configuration list for PBXNativeTarget "Instagram" */;
			buildPhases = (
				AFAAEE7E2A7E53D300B7A520 /* Sources */,
				AFAAEE7F2A7E53D300B7A520 /* Frameworks */,
				AFAAEE802A7E53D300B7A520 /* Resources */,
			);
			buildRules = (
			);
			dependencies = (
			);
			name = Instagram;
			productName = Instagram;
			productReference = AFAAEE822A7E53D300B7A520 /* Instagram.app */;
			productType = "com.apple.product-type.application";
		};
/* End PBXNativeTarget section */

/* Begin PBXProject section */
		AFAAEE7A2A7E53D300B7A520 /* Project object */ = {
			isa = PBXProject;
			attributes = {
				BuildIndependentTargetsInParallel = 1;
				LastSwiftUpdateCheck = 1430;
				LastUpgradeCheck = 1430;
				TargetAttributes = {
					AFAAEE812A7E53D300B7A520 = {
						CreatedOnToolsVersion = 14.3.1;
					};
				};
			};
			buildConfigurationList = AFAAEE7D2A7E53D300B7A520 /* Build configuration list for PBXProject "Instagram" */;
			compatibilityVersion = "Xcode 14.0";
			developmentRegion = en;
			hasScannedForEncodings = 0;
			knownRegions = (
				en,
				Base,
			);
			mainGroup = AFAAEE792A7E53D300B7A520;
			productRefGroup = AFAAEE832A7E53D300B7A520 /* Products */;
			projectDirPath = "";
			projectRoot = "";
			targets = (
				AFAAEE812A7E53D300B7A520 /* Instagram */,
			);
		};
/* End PBXProject section */

/* Begin PBXResourcesBuildPhase section */
		AFAAEE802A7E53D300B7A520 /* Resources */ = {
			isa = PBXResourcesBuildPhase;
			buildActionMask = 2147483647;
			files = (
				AFAAEE8D2A7E53D400B7A520 /* Preview Assets.xcassets in Resources */,
				AFAAEE8A2A7E53D400B7A520 /* Assets.xcassets in Resources */,
			);
			runOnlyForDeploymentPostprocessing = 0;
		};
/* End PBXResourcesBuildPhase section */

/* Begin PBXSourcesBuildPhase section */
		AFAAEE7E2A7E53D300B7A520 /* Sources */ = {
			isa = PBXSourcesBuildPhase;
			buildActionMask = 2147483647;
			files = (
				AF29C6C32A81B8C600C3A256 /* FeedCell.swift in Sources */,
				AFAAEEA22A7E585A00B7A520 /* ProfileView.swift in Sources */,
				AFAAEE882A7E53D300B7A520 /* ContentView.swift in Sources */,
				AFF0E6542A8C6832004FA86D /* LoginView.swift in Sources */,
				AFAAEE862A7E53D300B7A520 /* InstagramApp.swift in Sources */,
				AFDE218D2A974DD900748E34 /* AddEmailView.swift in Sources */,
				AFDE21912A9752AE00748E34 /* CreateUsernameView.swift in Sources */,
				AFDE21952A97569A00748E34 /* CompleteSignUpView.swift in Sources */,
				AFDE218F2A97516F00748E34 /* IGTextModifier.swift in Sources */,
				AF00CB702A8301A70006C27C /* SearchView.swift in Sources */,
				AFAAEEA52A7E617B00B7A520 /* UserStatView.swift in Sources */,
				AF29C6C12A81B8B100C3A256 /* FeedView.swift in Sources */,
				AFAAEEA02A7E55D000B7A520 /* MainTabView.swift in Sources */,
				AFDE21932A97551C00748E34 /* CreatePasswordView.swift in Sources */,
			);
			runOnlyForDeploymentPostprocessing = 0;
		};
/* End PBXSourcesBuildPhase section */

/* Begin XCBuildConfiguration section */
		AFAAEE8E2A7E53D400B7A520 /* Debug */ = {
			isa = XCBuildConfiguration;
			buildSettings = {
				ALWAYS_SEARCH_USER_PATHS = NO;
				CLANG_ANALYZER_NONNULL = YES;
				CLANG_ANALYZER_NUMBER_OBJECT_CONVERSION = YES_AGGRESSIVE;
				CLANG_CXX_LANGUAGE_STANDARD = "gnu++20";
				CLANG_ENABLE_MODULES = YES;
				CLANG_ENABLE_OBJC_ARC = YES;
				CLANG_ENABLE_OBJC_WEAK = YES;
				CLANG_WARN_BLOCK_CAPTURE_AUTORELEASING = YES;
				CLANG_WARN_BOOL_CONVERSION = YES;
				CLANG_WARN_COMMA = YES;
				CLANG_WARN_CONSTANT_CONVERSION = YES;
				CLANG_WARN_DEPRECATED_OBJC_IMPLEMENTATIONS = YES;
				CLANG_WARN_DIRECT_OBJC_ISA_USAGE = YES_ERROR;
				CLANG_WARN_DOCUMENTATION_COMMENTS = YES;
				CLANG_WARN_EMPTY_BODY = YES;
				CLANG_WARN_ENUM_CONVERSION = YES;
				CLANG_WARN_INFINITE_RECURSION = YES;
				CLANG_WARN_INT_CONVERSION = YES;
				CLANG_WARN_NON_LITERAL_NULL_CONVERSION = YES;
				CLANG_WARN_OBJC_IMPLICIT_RETAIN_SELF = YES;
				CLANG_WARN_OBJC_LITERAL_CONVERSION = YES;
				CLANG_WARN_OBJC_ROOT_CLASS = YES_ERROR;
				CLANG_WARN_QUOTED_INCLUDE_IN_FRAMEWORK_HEADER = YES;
				CLANG_WARN_RANGE_LOOP_ANALYSIS = YES;
				CLANG_WARN_STRICT_PROTOTYPES = YES;
				CLANG_WARN_SUSPICIOUS_MOVE = YES;
				CLANG_WARN_UNGUARDED_AVAILABILITY = YES_AGGRESSIVE;
				CLANG_WARN_UNREACHABLE_CODE = YES;
				CLANG_WARN__DUPLICATE_METHOD_MATCH = YES;
				COPY_PHASE_STRIP = NO;
				DEBUG_INFORMATION_FORMAT = dwarf;
				ENABLE_STRICT_OBJC_MSGSEND = YES;
				ENABLE_TESTABILITY = YES;
				GCC_C_LANGUAGE_STANDARD = gnu11;
				GCC_DYNAMIC_NO_PIC = NO;
				GCC_NO_COMMON_BLOCKS = YES;
				GCC_OPTIMIZATION_LEVEL = 0;
				GCC_PREPROCESSOR_DEFINITIONS = (
					"DEBUG=1",
					"$(inherited)",
				);
				GCC_WARN_64_TO_32_BIT_CONVERSION = YES;
				GCC_WARN_ABOUT_RETURN_TYPE = YES_ERROR;
				GCC_WARN_UNDECLARED_SELECTOR = YES;
				GCC_WARN_UNINITIALIZED_AUTOS = YES_AGGRESSIVE;
				GCC_WARN_UNUSED_FUNCTION = YES;
				GCC_WARN_UNUSED_VARIABLE = YES;
				IPHONEOS_DEPLOYMENT_TARGET = 16.4;
				MTL_ENABLE_DEBUG_INFO = INCLUDE_SOURCE;
				MTL_FAST_MATH = YES;
				ONLY_ACTIVE_ARCH = YES;
				SDKROOT = iphoneos;
				SWIFT_ACTIVE_COMPILATION_CONDITIONS = DEBUG;
				SWIFT_OPTIMIZATION_LEVEL = "-Onone";
			};
			name = Debug;
		};
		AFAAEE8F2A7E53D400B7A520 /* Release */ = {
			isa = XCBuildConfiguration;
			buildSettings = {
				ALWAYS_SEARCH_USER_PATHS = NO;
				CLANG_ANALYZER_NONNULL = YES;
				CLANG_ANALYZER_NUMBER_OBJECT_CONVERSION = YES_AGGRESSIVE;
				CLANG_CXX_LANGUAGE_STANDARD = "gnu++20";
				CLANG_ENABLE_MODULES = YES;
				CLANG_ENABLE_OBJC_ARC = YES;
				CLANG_ENABLE_OBJC_WEAK = YES;
				CLANG_WARN_BLOCK_CAPTURE_AUTORELEASING = YES;
				CLANG_WARN_BOOL_CONVERSION = YES;
				CLANG_WARN_COMMA = YES;
				CLANG_WARN_CONSTANT_CONVERSION = YES;
				CLANG_WARN_DEPRECATED_OBJC_IMPLEMENTATIONS = YES;
				CLANG_WARN_DIRECT_OBJC_ISA_USAGE = YES_ERROR;
				CLANG_WARN_DOCUMENTATION_COMMENTS = YES;
				CLANG_WARN_EMPTY_BODY = YES;
				CLANG_WARN_ENUM_CONVERSION = YES;
				CLANG_WARN_INFINITE_RECURSION = YES;
				CLANG_WARN_INT_CONVERSION = YES;
				CLANG_WARN_NON_LITERAL_NULL_CONVERSION = YES;
				CLANG_WARN_OBJC_IMPLICIT_RETAIN_SELF = YES;
				CLANG_WARN_OBJC_LITERAL_CONVERSION = YES;
				CLANG_WARN_OBJC_ROOT_CLASS = YES_ERROR;
				CLANG_WARN_QUOTED_INCLUDE_IN_FRAMEWORK_HEADER = YES;
				CLANG_WARN_RANGE_LOOP_ANALYSIS = YES;
				CLANG_WARN_STRICT_PROTOTYPES = YES;
				CLANG_WARN_SUSPICIOUS_MOVE = YES;
				CLANG_WARN_UNGUARDED_AVAILABILITY = YES_AGGRESSIVE;
				CLANG_WARN_UNREACHABLE_CODE = YES;
				CLANG_WARN__DUPLICATE_METHOD_MATCH = YES;
				COPY_PHASE_STRIP = NO;
				DEBUG_INFORMATION_FORMAT = "dwarf-with-dsym";
				ENABLE_NS_ASSERTIONS = NO;
				ENABLE_STRICT_OBJC_MSGSEND = YES;
				GCC_C_LANGUAGE_STANDARD = gnu11;
				GCC_NO_COMMON_BLOCKS = YES;
				GCC_WARN_64_TO_32_BIT_CONVERSION = YES;
				GCC_WARN_ABOUT_RETURN_TYPE = YES_ERROR;
				GCC_WARN_UNDECLARED_SELECTOR = YES;
				GCC_WARN_UNINITIALIZED_AUTOS = YES_AGGRESSIVE;
				GCC_WARN_UNUSED_FUNCTION = YES;
				GCC_WARN_UNUSED_VARIABLE = YES;
				IPHONEOS_DEPLOYMENT_TARGET = 16.4;
				MTL_ENABLE_DEBUG_INFO = NO;
				MTL_FAST_MATH = YES;
				SDKROOT = iphoneos;
				SWIFT_COMPILATION_MODE = wholemodule;
				SWIFT_OPTIMIZATION_LEVEL = "-O";
				VALIDATE_PRODUCT = YES;
			};
			name = Release;
		};
		AFAAEE912A7E53D400B7A520 /* Debug */ = {
			isa = XCBuildConfiguration;
			buildSettings = {
				ASSETCATALOG_COMPILER_APPICON_NAME = AppIcon;
				ASSETCATALOG_COMPILER_GLOBAL_ACCENT_COLOR_NAME = AccentColor;
				CODE_SIGN_STYLE = Automatic;
				CURRENT_PROJECT_VERSION = 1;
				DEVELOPMENT_ASSET_PATHS = "\"Instagram/Preview Content\"";
				DEVELOPMENT_TEAM = 4W572TG7MY;
				ENABLE_PREVIEWS = YES;
				GENERATE_INFOPLIST_FILE = YES;
				INFOPLIST_KEY_UIApplicationSceneManifest_Generation = YES;
				INFOPLIST_KEY_UIApplicationSupportsIndirectInputEvents = YES;
				INFOPLIST_KEY_UILaunchScreen_Generation = YES;
				INFOPLIST_KEY_UISupportedInterfaceOrientations_iPad = "UIInterfaceOrientationPortrait UIInterfaceOrientationPortraitUpsideDown UIInterfaceOrientationLandscapeLeft UIInterfaceOrientationLandscapeRight";
				INFOPLIST_KEY_UISupportedInterfaceOrientations_iPhone = "UIInterfaceOrientationPortrait UIInterfaceOrientationLandscapeLeft UIInterfaceOrientationLandscapeRight";
				LD_RUNPATH_SEARCH_PATHS = (
					"$(inherited)",
					"@executable_path/Frameworks",
				);
				MARKETING_VERSION = 1.0;
				PRODUCT_BUNDLE_IDENTIFIER = com.brettmoxey.Instagram;
				PRODUCT_NAME = "$(TARGET_NAME)";
				SWIFT_EMIT_LOC_STRINGS = YES;
				SWIFT_VERSION = 5.0;
				TARGETED_DEVICE_FAMILY = "1,2";
			};
			name = Debug;
		};
		AFAAEE922A7E53D400B7A520 /* Release */ = {
			isa = XCBuildConfiguration;
			buildSettings = {
				ASSETCATALOG_COMPILER_APPICON_NAME = AppIcon;
				ASSETCATALOG_COMPILER_GLOBAL_ACCENT_COLOR_NAME = AccentColor;
				CODE_SIGN_STYLE = Automatic;
				CURRENT_PROJECT_VERSION = 1;
				DEVELOPMENT_ASSET_PATHS = "\"Instagram/Preview Content\"";
				DEVELOPMENT_TEAM = 4W572TG7MY;
				ENABLE_PREVIEWS = YES;
				GENERATE_INFOPLIST_FILE = YES;
				INFOPLIST_KEY_UIApplicationSceneManifest_Generation = YES;
				INFOPLIST_KEY_UIApplicationSupportsIndirectInputEvents = YES;
				INFOPLIST_KEY_UILaunchScreen_Generation = YES;
				INFOPLIST_KEY_UISupportedInterfaceOrientations_iPad = "UIInterfaceOrientationPortrait UIInterfaceOrientationPortraitUpsideDown UIInterfaceOrientationLandscapeLeft UIInterfaceOrientationLandscapeRight";
				INFOPLIST_KEY_UISupportedInterfaceOrientations_iPhone = "UIInterfaceOrientationPortrait UIInterfaceOrientationLandscapeLeft UIInterfaceOrientationLandscapeRight";
				LD_RUNPATH_SEARCH_PATHS = (
					"$(inherited)",
					"@executable_path/Frameworks",
				);
				MARKETING_VERSION = 1.0;
				PRODUCT_BUNDLE_IDENTIFIER = com.brettmoxey.Instagram;
				PRODUCT_NAME = "$(TARGET_NAME)";
				SWIFT_EMIT_LOC_STRINGS = YES;
				SWIFT_VERSION = 5.0;
				TARGETED_DEVICE_FAMILY = "1,2";
			};
			name = Release;
		};
/* End XCBuildConfiguration section */

/* Begin XCConfigurationList section */
		AFAAEE7D2A7E53D300B7A520 /* Build configuration list for PBXProject "Instagram" */ = {
			isa = XCConfigurationList;
			buildConfigurations = (
				AFAAEE8E2A7E53D400B7A520 /* Debug */,
				AFAAEE8F2A7E53D400B7A520 /* Release */,
			);
			defaultConfigurationIsVisible = 0;
			defaultConfigurationName = Release;
		};
		AFAAEE902A7E53D400B7A520 /* Build configuration list for PBXNativeTarget "Instagram" */ = {
			isa = XCConfigurationList;
			buildConfigurations = (
				AFAAEE912A7E53D400B7A520 /* Debug */,
				AFAAEE922A7E53D400B7A520 /* Release */,
			);
			defaultConfigurationIsVisible = 0;
			defaultConfigurationName = Release;
		};
/* End XCConfigurationList section */
	};
	rootObject = AFAAEE7A2A7E53D300B7A520 /* Project object */;
}
